
Microsoft Visual Studio Solution File, Format Version 12.00
# Visual Studio Version 16
VisualStudioVersion = 16.0.32428.249
MinimumVisualStudioVersion = 10.0.40219.1
Project("{FAE04EC0-301F-11D3-BF4B-00C04F79EFBC}") = "JaateloautoAPI", "JaateloautoAPI\JaateloautoAPI.csproj", "{E36F5137-9048-4B21-88A6-ACDDFBD9D3D5}"
EndProject
Global
	GlobalSection(SolutionConfigurationPlatforms) = preSolution
		Debug|Any CPU = Debug|Any CPU
		Release|Any CPU = Release|Any CPU
	EndGlobalSection
	GlobalSection(ProjectConfigurationPlatforms) = postSolution
		{E36F5137-9048-4B21-88A6-ACDDFBD9D3D5}.Debug|Any CPU.ActiveCfg = Debug|Any CPU
		{E36F5137-9048-4B21-88A6-ACDDFBD9D3D5}.Debug|Any CPU.Build.0 = Debug|Any CPU
		{E36F5137-9048-4B21-88A6-ACDDFBD9D3D5}.Release|Any CPU.ActiveCfg = Release|Any CPU
		{E36F5137-9048-4B21-88A6-ACDDFBD9D3D5}.Release|Any CPU.Build.0 = Release|Any CPU
	EndGlobalSection
	GlobalSection(SolutionProperties) = preSolution
		HideSolutionNode = FALSE
	EndGlobalSection
	GlobalSection(ExtensibilityGlobals) = postSolution
		SolutionGuid = {BF95BF3B-77F2-4028-AA28-4C70C0A5295B}
	EndGlobalSection
EndGlobal
